// !$*UTF8*$!
{
	archiveVersion = 1;
	classes = {
	};
	objectVersion = 50;
	objects = {

/* Begin PBXBuildFile section */
		DC756EF720D9083100C7D4BA /* AppDelegate.swift in Sources */ = {isa = PBXBuildFile; fileRef = DC756EF620D9083100C7D4BA /* AppDelegate.swift */; };
		DC756EF920D9083100C7D4BA /* ViewController.swift in Sources */ = {isa = PBXBuildFile; fileRef = DC756EF820D9083100C7D4BA /* ViewController.swift */; };
		DC756EFC20D9083100C7D4BA /* Main.storyboard in Resources */ = {isa = PBXBuildFile; fileRef = DC756EFA20D9083100C7D4BA /* Main.storyboard */; };
		DC756EFE20D9083300C7D4BA /* Assets.xcassets in Resources */ = {isa = PBXBuildFile; fileRef = DC756EFD20D9083300C7D4BA /* Assets.xcassets */; };
		DC756F0120D9083300C7D4BA /* LaunchScreen.storyboard in Resources */ = {isa = PBXBuildFile; fileRef = DC756EFF20D9083300C7D4BA /* LaunchScreen.storyboard */; };
		DC756F0F20D9213C00C7D4BA /* SecondViewController.swift in Sources */ = {isa = PBXBuildFile; fileRef = DC756F0E20D9213C00C7D4BA /* SecondViewController.swift */; };
		DCA30DC420DFBA8F00160FDC /* SaverDataModel.swift in Sources */ = {isa = PBXBuildFile; fileRef = DCA30DC320DFBA8F00160FDC /* SaverDataModel.swift */; };
		DCD9249720F366DE00D5DE17 /* DataManager.swift in Sources */ = {isa = PBXBuildFile; fileRef = DCD9249620F366DE00D5DE17 /* DataManager.swift */; };
/* End PBXBuildFile section */

/* Begin PBXFileReference section */
		DC756EF320D9083100C7D4BA /* Saver.app */ = {isa = PBXFileReference; explicitFileType = wrapper.application; includeInIndex = 0; path = Saver.app; sourceTree = BUILT_PRODUCTS_DIR; };
		DC756EF620D9083100C7D4BA /* AppDelegate.swift */ = {isa = PBXFileReference; lastKnownFileType = sourcecode.swift; path = AppDelegate.swift; sourceTree = "<group>"; };
		DC756EF820D9083100C7D4BA /* ViewController.swift */ = {isa = PBXFileReference; lastKnownFileType = sourcecode.swift; path = ViewController.swift; sourceTree = "<group>"; };
		DC756EFB20D9083100C7D4BA /* Base */ = {isa = PBXFileReference; lastKnownFileType = file.storyboard; name = Base; path = Base.lproj/Main.storyboard; sourceTree = "<group>"; };
		DC756EFD20D9083300C7D4BA /* Assets.xcassets */ = {isa = PBXFileReference; lastKnownFileType = folder.assetcatalog; path = Assets.xcassets; sourceTree = "<group>"; };
		DC756F0020D9083300C7D4BA /* Base */ = {isa = PBXFileReference; lastKnownFileType = file.storyboard; name = Base; path = Base.lproj/LaunchScreen.storyboard; sourceTree = "<group>"; };
		DC756F0220D9083300C7D4BA /* Info.plist */ = {isa = PBXFileReference; lastKnownFileType = text.plist.xml; path = Info.plist; sourceTree = "<group>"; };
		DC756F0E20D9213C00C7D4BA /* SecondViewController.swift */ = {isa = PBXFileReference; lastKnownFileType = sourcecode.swift; path = SecondViewController.swift; sourceTree = "<group>"; };
		DCA30DC320DFBA8F00160FDC /* SaverDataModel.swift */ = {isa = PBXFileReference; lastKnownFileType = sourcecode.swift; path = SaverDataModel.swift; sourceTree = "<group>"; };
		DCD9249620F366DE00D5DE17 /* DataManager.swift */ = {isa = PBXFileReference; lastKnownFileType = sourcecode.swift; path = DataManager.swift; sourceTree = "<group>"; };
/* End PBXFileReference section */

/* Begin PBXFrameworksBuildPhase section */
		DC756EF020D9083100C7D4BA /* Frameworks */ = {
			isa = PBXFrameworksBuildPhase;
			buildActionMask = 2147483647;
			files = (
			);
			runOnlyForDeploymentPostprocessing = 0;
		};
/* End PBXFrameworksBuildPhase section */

/* Begin PBXGroup section */
		DC756EEA20D9083100C7D4BA = {
			isa = PBXGroup;
			children = (
				DC756EF520D9083100C7D4BA /* Saver */,
				DC756EF420D9083100C7D4BA /* Products */,
			);
			sourceTree = "<group>";
		};
		DC756EF420D9083100C7D4BA /* Products */ = {
			isa = PBXGroup;
			children = (
				DC756EF320D9083100C7D4BA /* Saver.app */,
			);
			name = Products;
			sourceTree = "<group>";
		};
		DC756EF520D9083100C7D4BA /* Saver */ = {
			isa = PBXGroup;
			children = (
				DC756EF620D9083100C7D4BA /* AppDelegate.swift */,
				DC756F0A20D9085500C7D4BA /* Controller */,
				DC756F0920D9084900C7D4BA /* View */,
				DC756F0820D9084100C7D4BA /* Model */,
				DC756EFD20D9083300C7D4BA /* Assets.xcassets */,
				DC756EFF20D9083300C7D4BA /* LaunchScreen.storyboard */,
				DC756F0220D9083300C7D4BA /* Info.plist */,
			);
			path = Saver;
			sourceTree = "<group>";
		};
		DC756F0820D9084100C7D4BA /* Model */ = {
			isa = PBXGroup;
			children = (
				DCA30DC320DFBA8F00160FDC /* SaverDataModel.swift */,
				DCD9249620F366DE00D5DE17 /* DataManager.swift */,
			);
			path = Model;
			sourceTree = "<group>";
		};
		DC756F0920D9084900C7D4BA /* View */ = {
			isa = PBXGroup;
			children = (
				DC756EFA20D9083100C7D4BA /* Main.storyboard */,
			);
			path = View;
			sourceTree = "<group>";
		};
		DC756F0A20D9085500C7D4BA /* Controller */ = {
			isa = PBXGroup;
			children = (
				DC756EF820D9083100C7D4BA /* ViewController.swift */,
				DC756F0E20D9213C00C7D4BA /* SecondViewController.swift */,
			);
			path = Controller;
			sourceTree = "<group>";
		};
/* End PBXGroup section */

/* Begin PBXNativeTarget section */
		DC756EF220D9083100C7D4BA /* Saver */ = {
			isa = PBXNativeTarget;
			buildConfigurationList = DC756F0520D9083300C7D4BA /* Build configuration list for PBXNativeTarget "Saver" */;
			buildPhases = (
				DC756EEF20D9083100C7D4BA /* Sources */,
				DC756EF020D9083100C7D4BA /* Frameworks */,
				DC756EF120D9083100C7D4BA /* Resources */,
			);
			buildRules = (
			);
			dependencies = (
			);
			name = Saver;
			productName = Saver;
			productReference = DC756EF320D9083100C7D4BA /* Saver.app */;
			productType = "com.apple.product-type.application";
		};
/* End PBXNativeTarget section */

/* Begin PBXProject section */
		DC756EEB20D9083100C7D4BA /* Project object */ = {
			isa = PBXProject;
			attributes = {
				LastSwiftUpdateCheck = 0940;
				LastUpgradeCheck = 0940;
				ORGANIZATIONNAME = Coder;
				TargetAttributes = {
					DC756EF220D9083100C7D4BA = {
						CreatedOnToolsVersion = 9.4;
					};
				};
			};
			buildConfigurationList = DC756EEE20D9083100C7D4BA /* Build configuration list for PBXProject "Saver" */;
			compatibilityVersion = "Xcode 9.3";
			developmentRegion = en;
			hasScannedForEncodings = 0;
			knownRegions = (
				en,
				Base,
			);
			mainGroup = DC756EEA20D9083100C7D4BA;
			productRefGroup = DC756EF420D9083100C7D4BA /* Products */;
			projectDirPath = "";
			projectRoot = "";
			targets = (
				DC756EF220D9083100C7D4BA /* Saver */,
			);
		};
/* End PBXProject section */

/* Begin PBXResourcesBuildPhase section */
		DC756EF120D9083100C7D4BA /* Resources */ = {
			isa = PBXResourcesBuildPhase;
			buildActionMask = 2147483647;
			files = (
				DC756F0120D9083300C7D4BA /* LaunchScreen.storyboard in Resources */,
				DC756EFE20D9083300C7D4BA /* Assets.xcassets in Resources */,
				DC756EFC20D9083100C7D4BA /* Main.storyboard in Resources */,
			);
			runOnlyForDeploymentPostprocessing = 0;
		};
/* End PBXResourcesBuildPhase section */

/* Begin PBXSourcesBuildPhase section */
		DC756EEF20D9083100C7D4BA /* Sources */ = {
			isa = PBXSourcesBuildPhase;
			buildActionMask = 2147483647;
			files = (
				DC756F0F20D9213C00C7D4BA /* SecondViewController.swift in Sources */,
				DCD9249720F366DE00D5DE17 /* DataManager.swift in Sources */,
				DC756EF920D9083100C7D4BA /* ViewController.swift in Sources */,
				DC756EF720D9083100C7D4BA /* AppDelegate.swift in Sources */,
				DCA30DC420DFBA8F00160FDC /* SaverDataModel.swift in Sources */,
			);
			runOnlyForDeploymentPostprocessing = 0;
		};
/* End PBXSourcesBuildPhase section */

/* Begin PBXVariantGroup section */
		DC756EFA20D9083100C7D4BA /* Main.storyboard */ = {
			isa = PBXVariantGroup;
			children = (
				DC756EFB20D9083100C7D4BA /* Base */,
			);
			name = Main.storyboard;
			sourceTree = "<group>";
		};
		DC756EFF20D9083300C7D4BA /* LaunchScreen.storyboard */ = {
			isa = PBXVariantGroup;
			children = (
				DC756F0020D9083300C7D4BA /* Base */,
			);
			name = LaunchScreen.storyboard;
			sourceTree = "<group>";
		};
/* End PBXVariantGroup section */

/* Begin XCBuildConfiguration section */
		DC756F0320D9083300C7D4BA /* Debug */ = {
			isa = XCBuildConfiguration;
			buildSettings = {
				ALWAYS_SEARCH_USER_PATHS = NO;
				CLANG_ANALYZER_NONNULL = YES;
				CLANG_ANALYZER_NUMBER_OBJECT_CONVERSION = YES_AGGRESSIVE;
				CLANG_CXX_LANGUAGE_STANDARD = "gnu++14";
				CLANG_CXX_LIBRARY = "libc++";
				CLANG_ENABLE_MODULES = YES;
				CLANG_ENABLE_OBJC_ARC = YES;
				CLANG_ENABLE_OBJC_WEAK = YES;
				CLANG_WARN_BLOCK_CAPTURE_AUTORELEASING = YES;
				CLANG_WARN_BOOL_CONVERSION = YES;
				CLANG_WARN_COMMA = YES;
				CLANG_WARN_CONSTANT_CONVERSION = YES;
				CLANG_WARN_DEPRECATED_OBJC_IMPLEMENTATIONS = YES;
				CLANG_WARN_DIRECT_OBJC_ISA_USAGE = YES_ERROR;
				CLANG_WARN_DOCUMENTATION_COMMENTS = YES;
				CLANG_WARN_EMPTY_BODY = YES;
				CLANG_WARN_ENUM_CONVERSION = YES;
				CLANG_WARN_INFINITE_RECURSION = YES;
				CLANG_WARN_INT_CONVERSION = YES;
				CLANG_WARN_NON_LITERAL_NULL_CONVERSION = YES;
				CLANG_WARN_OBJC_IMPLICIT_RETAIN_SELF = YES;
				CLANG_WARN_OBJC_LITERAL_CONVERSION = YES;
				CLANG_WARN_OBJC_ROOT_CLASS = YES_ERROR;
				CLANG_WARN_RANGE_LOOP_ANALYSIS = YES;
				CLANG_WARN_STRICT_PROTOTYPES = YES;
				CLANG_WARN_SUSPICIOUS_MOVE = YES;
				CLANG_WARN_UNGUARDED_AVAILABILITY = YES_AGGRESSIVE;
				CLANG_WARN_UNREACHABLE_CODE = YES;
				CLANG_WARN__DUPLICATE_METHOD_MATCH = YES;
				CODE_SIGN_IDENTITY = "iPhone Developer";
				COPY_PHASE_STRIP = NO;
				DEBUG_INFORMATION_FORMAT = dwarf;
				ENABLE_STRICT_OBJC_MSGSEND = YES;
				ENABLE_TESTABILITY = YES;
				GCC_C_LANGUAGE_STANDARD = gnu11;
				GCC_DYNAMIC_NO_PIC = NO;
				GCC_NO_COMMON_BLOCKS = YES;
				GCC_OPTIMIZATION_LEVEL = 0;
				GCC_PREPROCESSOR_DEFINITIONS = (
					"DEBUG=1",
					"$(inherited)",
				);
				GCC_WARN_64_TO_32_BIT_CONVERSION = YES;
				GCC_WARN_ABOUT_RETURN_TYPE = YES_ERROR;
				GCC_WARN_UNDECLARED_SELECTOR = YES;
				GCC_WARN_UNINITIALIZED_AUTOS = YES_AGGRESSIVE;
				GCC_WARN_UNUSED_FUNCTION = YES;
				GCC_WARN_UNUSED_VARIABLE = YES;
				IPHONEOS_DEPLOYMENT_TARGET = 11.4;
				MTL_ENABLE_DEBUG_INFO = YES;
				ONLY_ACTIVE_ARCH = YES;
				SDKROOT = iphoneos;
				SWIFT_ACTIVE_COMPILATION_CONDITIONS = DEBUG;
				SWIFT_OPTIMIZATION_LEVEL = "-Onone";
			};
			name = Debug;
		};
		DC756F0420D9083300C7D4BA /* Release */ = {
			isa = XCBuildConfiguration;
			buildSettings = {
				ALWAYS_SEARCH_USER_PATHS = NO;
				CLANG_ANALYZER_NONNULL = YES;
				CLANG_ANALYZER_NUMBER_OBJECT_CONVERSION = YES_AGGRESSIVE;
				CLANG_CXX_LANGUAGE_STANDARD = "gnu++14";
				CLANG_CXX_LIBRARY = "libc++";
				CLANG_ENABLE_MODULES = YES;
				CLANG_ENABLE_OBJC_ARC = YES;
				CLANG_ENABLE_OBJC_WEAK = YES;
				CLANG_WARN_BLOCK_CAPTURE_AUTORELEASING = YES;
				CLANG_WARN_BOOL_CONVERSION = YES;
				CLANG_WARN_COMMA = YES;
				CLANG_WARN_CONSTANT_CONVERSION = YES;
				CLANG_WARN_DEPRECATED_OBJC_IMPLEMENTATIONS = YES;
				CLANG_WARN_DIRECT_OBJC_ISA_USAGE = YES_ERROR;
				CLANG_WARN_DOCUMENTATION_COMMENTS = YES;
				CLANG_WARN_EMPTY_BODY = YES;
				CLANG_WARN_ENUM_CONVERSION = YES;
				CLANG_WARN_INFINITE_RECURSION = YES;
				CLANG_WARN_INT_CONVERSION = YES;
				CLANG_WARN_NON_LITERAL_NULL_CONVERSION = YES;
				CLANG_WARN_OBJC_IMPLICIT_RETAIN_SELF = YES;
				CLANG_WARN_OBJC_LITERAL_CONVERSION = YES;
				CLANG_WARN_OBJC_ROOT_CLASS = YES_ERROR;
				CLANG_WARN_RANGE_LOOP_ANALYSIS = YES;
				CLANG_WARN_STRICT_PROTOTYPES = YES;
				CLANG_WARN_SUSPICIOUS_MOVE = YES;
				CLANG_WARN_UNGUARDED_AVAILABILITY = YES_AGGRESSIVE;
				CLANG_WARN_UNREACHABLE_CODE = YES;
				CLANG_WARN__DUPLICATE_METHOD_MATCH = YES;
				CODE_SIGN_IDENTITY = "iPhone Developer";
				COPY_PHASE_STRIP = NO;
				DEBUG_INFORMATION_FORMAT = "dwarf-with-dsym";
				ENABLE_NS_ASSERTIONS = NO;
				ENABLE_STRICT_OBJC_MSGSEND = YES;
				GCC_C_LANGUAGE_STANDARD = gnu11;
				GCC_NO_COMMON_BLOCKS = YES;
				GCC_WARN_64_TO_32_BIT_CONVERSION = YES;
				GCC_WARN_ABOUT_RETURN_TYPE = YES_ERROR;
				GCC_WARN_UNDECLARED_SELECTOR = YES;
				GCC_WARN_UNINITIALIZED_AUTOS = YES_AGGRESSIVE;
				GCC_WARN_UNUSED_FUNCTION = YES;
				GCC_WARN_UNUSED_VARIABLE = YES;
				IPHONEOS_DEPLOYMENT_TARGET = 11.4;
				MTL_ENABLE_DEBUG_INFO = NO;
				SDKROOT = iphoneos;
				SWIFT_COMPILATION_MODE = wholemodule;
				SWIFT_OPTIMIZATION_LEVEL = "-O";
				VALIDATE_PRODUCT = YES;
			};
			name = Release;
		};
		DC756F0620D9083300C7D4BA /* Debug */ = {
			isa = XCBuildConfiguration;
			buildSettings = {
				ASSETCATALOG_COMPILER_APPICON_NAME = AppIcon;
				CODE_SIGN_STYLE = Automatic;
				DEVELOPMENT_TEAM = CUD8RGQ4G5;
				INFOPLIST_FILE = Saver/Info.plist;
				LD_RUNPATH_SEARCH_PATHS = (
					"$(inherited)",
					"@executable_path/Frameworks",
				);
				PRODUCT_BUNDLE_IDENTIFIER = com.Stypanovych.Saver;
				PRODUCT_NAME = "$(TARGET_NAME)";
				SWIFT_VERSION = 4.0;
				TARGETED_DEVICE_FAMILY = "1,2";
			};
			name = Debug;
		};
		DC756F0720D9083300C7D4BA /* Release */ = {
			isa = XCBuildConfiguration;
			buildSettings = {
				ASSETCATALOG_COMPILER_APPICON_NAME = AppIcon;
				CODE_SIGN_STYLE = Automatic;
				DEVELOPMENT_TEAM = CUD8RGQ4G5;
				INFOPLIST_FILE = Saver/Info.plist;
				LD_RUNPATH_SEARCH_PATHS = (
					"$(inherited)",
					"@executable_path/Frameworks",
				);
				PRODUCT_BUNDLE_IDENTIFIER = com.Stypanovych.Saver;
				PRODUCT_NAME = "$(TARGET_NAME)";
				SWIFT_VERSION = 4.0;
				TARGETED_DEVICE_FAMILY = "1,2";
			};
			name = Release;
		};
/* End XCBuildConfiguration section */

/* Begin XCConfigurationList section */
		DC756EEE20D9083100C7D4BA /* Build configuration list for PBXProject "Saver" */ = {
			isa = XCConfigurationList;
			buildConfigurations = (
				DC756F0320D9083300C7D4BA /* Debug */,
				DC756F0420D9083300C7D4BA /* Release */,
			);
			defaultConfigurationIsVisible = 0;
			defaultConfigurationName = Release;
		};
		DC756F0520D9083300C7D4BA /* Build configuration list for PBXNativeTarget "Saver" */ = {
			isa = XCConfigurationList;
			buildConfigurations = (
				DC756F0620D9083300C7D4BA /* Debug */,
				DC756F0720D9083300C7D4BA /* Release */,
			);
			defaultConfigurationIsVisible = 0;
			defaultConfigurationName = Release;
		};
/* End XCConfigurationList section */
	};
	rootObject = DC756EEB20D9083100C7D4BA /* Project object */;
}
